
Microsoft Visual Studio Solution File, Format Version 12.00
# Visual Studio Version 17
VisualStudioVersion = 17.10.35122.118
MinimumVisualStudioVersion = 10.0.40219.1
Project("{FAE04EC0-301F-11D3-BF4B-00C04F79EFBC}") = "new", "new\new.csproj", "{437B4B1B-68CC-4145-AC3C-0F886574E4BE}"
EndProject
Global
	GlobalSection(SolutionConfigurationPlatforms) = preSolution
		Debug|Any CPU = Debug|Any CPU
		Release|Any CPU = Release|Any CPU
	EndGlobalSection
	GlobalSection(ProjectConfigurationPlatforms) = postSolution
		{437B4B1B-68CC-4145-AC3C-0F886574E4BE}.Debug|Any CPU.ActiveCfg = Debug|Any CPU
		{437B4B1B-68CC-4145-AC3C-0F886574E4BE}.Debug|Any CPU.Build.0 = Debug|Any CPU
		{437B4B1B-68CC-4145-AC3C-0F886574E4BE}.Release|Any CPU.ActiveCfg = Release|Any CPU
		{437B4B1B-68CC-4145-AC3C-0F886574E4BE}.Release|Any CPU.Build.0 = Release|Any CPU
	EndGlobalSection
	GlobalSection(SolutionProperties) = preSolution
		HideSolutionNode = FALSE
	EndGlobalSection
	GlobalSection(ExtensibilityGlobals) = postSolution
		SolutionGuid = {BA95C4DC-2102-4008-8C7A-76E87C4C8291}
	EndGlobalSection
EndGlobal
